
Microsoft Visual Studio Solution File, Format Version 12.00
Project("{FAE04EC0-301F-11D3-BF4B-00C04F79EFBC}") = "Web.VueJsTest", "Web.VueJsTest\Web.VueJsTest.csproj", "{2259A39F-74E1-4F19-92D8-2082CF02C37F}"
EndProject
Global
	GlobalSection(SolutionConfigurationPlatforms) = preSolution
		Debug|Any CPU = Debug|Any CPU
		Release|Any CPU = Release|Any CPU
	EndGlobalSection
	GlobalSection(ProjectConfigurationPlatforms) = postSolution
		{2259A39F-74E1-4F19-92D8-2082CF02C37F}.Debug|Any CPU.ActiveCfg = Debug|Any CPU
		{2259A39F-74E1-4F19-92D8-2082CF02C37F}.Debug|Any CPU.Build.0 = Debug|Any CPU
		{2259A39F-74E1-4F19-92D8-2082CF02C37F}.Release|Any CPU.ActiveCfg = Release|Any CPU
		{2259A39F-74E1-4F19-92D8-2082CF02C37F}.Release|Any CPU.Build.0 = Release|Any CPU
	EndGlobalSection
EndGlobal
